
Microsoft Visual Studio Solution File, Format Version 12.00
# Visual Studio Version 16
VisualStudioVersion = 16.0.31025.194
MinimumVisualStudioVersion = 10.0.40219.1
Project("{2150E333-8FDC-42A3-9474-1A3956D46DE8}") = "Services", "Services", "{43A66449-11E8-49F1-9A35-540A1D141936}"
EndProject
Project("{2150E333-8FDC-42A3-9474-1A3956D46DE8}") = "Catalog", "Catalog", "{FEEE8EE0-D521-453F-BF53-42B04CF6B50A}"
EndProject
Project("{9A19103F-16F7-4668-BE54-9A1E7A4F7556}") = "FreeCourse.Services.Catalog", "Services\Catalog\FreeCourse.Services.Catalog\FreeCourse.Services.Catalog.csproj", "{6B234A73-3F83-4F2E-85FF-D917BF9C0870}"
EndProject
Project("{2150E333-8FDC-42A3-9474-1A3956D46DE8}") = "Solution Items", "Solution Items", "{2C86525B-F267-4BC5-B9C5-C6AE5F340BE4}"
	ProjectSection(SolutionItems) = preProject
		Ports.txt = Ports.txt
	EndProjectSection
EndProject
Project("{2150E333-8FDC-42A3-9474-1A3956D46DE8}") = "Shared", "Shared", "{3CD3F1E8-670C-453E-AB65-3C95F14B7345}"
EndProject
Project("{9A19103F-16F7-4668-BE54-9A1E7A4F7556}") = "FreeCourse.Shared", "Shared\FreeCourse.Shared\FreeCourse.Shared.csproj", "{2261EF0B-C6B5-4194-8C66-43353CE4E669}"
EndProject
Project("{2150E333-8FDC-42A3-9474-1A3956D46DE8}") = "IdentityServer", "IdentityServer", "{0D152F02-DDDE-4D7B-A517-AE705901ECF8}"
EndProject
Project("{9A19103F-16F7-4668-BE54-9A1E7A4F7556}") = "FreeCourse.IdentityServer", "IdentityServer\FreeCourse.IdentityServer\FreeCourse.IdentityServer.csproj", "{81705829-C4B5-475A-8458-B558C1D2696F}"
EndProject
Project("{2150E333-8FDC-42A3-9474-1A3956D46DE8}") = "PhotoStock", "PhotoStock", "{91AA268D-0A86-4E50-BCFA-EE4F6C419C6D}"
EndProject
Project("{9A19103F-16F7-4668-BE54-9A1E7A4F7556}") = "FreeCourse.Services.PhotoStock", "Services\PhotoStock\FreeCourse.Services.PhotoStock\FreeCourse.Services.PhotoStock.csproj", "{D1FB106A-9F36-4D5B-A7F5-33C188341124}"
EndProject
Project("{2150E333-8FDC-42A3-9474-1A3956D46DE8}") = "Basket", "Basket", "{233D1595-4B93-49CA-A2D7-BDB8C9445DE8}"
EndProject
Project("{2150E333-8FDC-42A3-9474-1A3956D46DE8}") = "Discount", "Discount", "{1BA96477-94AE-4C2E-9268-0109DB226950}"
EndProject
Project("{9A19103F-16F7-4668-BE54-9A1E7A4F7556}") = "FreeCourse.Services.Discount", "Services\Discount\FreeCourse.Services.Discount\FreeCourse.Services.Discount.csproj", "{C5400D5F-A2FD-444D-A680-8347A5BE79F2}"
EndProject
Project("{9A19103F-16F7-4668-BE54-9A1E7A4F7556}") = "FreeCourse.Services.Basket", "Services\Basket\FreeCourse.Services.Basket\FreeCourse.Services.Basket.csproj", "{6DA9EA89-55D1-4F4D-A533-95C16920E20D}"
EndProject
Project("{2150E333-8FDC-42A3-9474-1A3956D46DE8}") = "Order", "Order", "{E1CC8FCC-7C02-4E71-A86C-38BA005A4CAF}"
EndProject
Project("{9A19103F-16F7-4668-BE54-9A1E7A4F7556}") = "FreeCourse.Services.Order.API", "Services\Order\FreeCourse.Services.Order.API\FreeCourse.Services.Order.API.csproj", "{CA07D0E7-9D8C-4B9E-A24B-2F8FE46828DD}"
EndProject
Project("{9A19103F-16F7-4668-BE54-9A1E7A4F7556}") = "FreeCourse.Services.Order.Application", "Services\Order\FreeCourse.Services.Order.Application\FreeCourse.Services.Order.Application.csproj", "{CE269259-92BE-472D-B5D8-EE554DDFA803}"
EndProject
Project("{9A19103F-16F7-4668-BE54-9A1E7A4F7556}") = "FreeCourse.Services.Order.Domain", "Services\Order\FreeCourse.Services.Order.Domain\FreeCourse.Services.Order.Domain.csproj", "{6C07AB9E-8517-417B-8711-ED216BE5651D}"
EndProject
Project("{9A19103F-16F7-4668-BE54-9A1E7A4F7556}") = "FreeCourse.Services.Order.Domain.Core", "Services\Order\FreeCourse.Services.Order.Domain.Core\FreeCourse.Services.Order.Domain.Core.csproj", "{47E2CD9F-FA28-4A7F-A7AE-E01330D73FDC}"
EndProject
Project("{9A19103F-16F7-4668-BE54-9A1E7A4F7556}") = "FreeCourse.Services.Order.Infrastructure", "Services\Order\FreeCourse.Services.Order.Infrastructure\FreeCourse.Services.Order.Infrastructure.csproj", "{F9699101-A87F-4B51-B259-98A70AB00976}"
EndProject
Project("{2150E333-8FDC-42A3-9474-1A3956D46DE8}") = "FakePayment", "FakePayment", "{D04E7EFA-3C43-42A2-98F1-035CD8BEE685}"
EndProject
Project("{FAE04EC0-301F-11D3-BF4B-00C04F79EFBC}") = "FreeCourse.Services.FakePayment", "Services\FakePayment\FreeCourse.Services.FakePayment\FreeCourse.Services.FakePayment.csproj", "{02F17F8A-A1C6-4DF9-961F-845CC2C45839}"
EndProject
Project("{2150E333-8FDC-42A3-9474-1A3956D46DE8}") = "Gateways", "Gateways", "{AEB85377-5137-419F-B0FC-9BE676A3993B}"
EndProject
Project("{FAE04EC0-301F-11D3-BF4B-00C04F79EFBC}") = "FreeCourse.Gateway", "FreeCourse.Gateway\FreeCourse.Gateway.csproj", "{B6222EA7-9110-407F-8BE8-9A7E58E57B86}"
EndProject
Project("{2150E333-8FDC-42A3-9474-1A3956D46DE8}") = "Frontends", "Frontends", "{A0611811-F0A4-41F7-84EA-181C084955AA}"
EndProject
Project("{FAE04EC0-301F-11D3-BF4B-00C04F79EFBC}") = "FreeCourse.Web", "Frontends\FreeCourse.Web\FreeCourse.Web.csproj", "{6E1012DF-8FF1-40E4-B7C7-64C77750743F}"
EndProject
Global
	GlobalSection(SolutionConfigurationPlatforms) = preSolution
		Debug|Any CPU = Debug|Any CPU
		Release|Any CPU = Release|Any CPU
	EndGlobalSection
	GlobalSection(ProjectConfigurationPlatforms) = postSolution
		{6B234A73-3F83-4F2E-85FF-D917BF9C0870}.Debug|Any CPU.ActiveCfg = Debug|Any CPU
		{6B234A73-3F83-4F2E-85FF-D917BF9C0870}.Debug|Any CPU.Build.0 = Debug|Any CPU
		{6B234A73-3F83-4F2E-85FF-D917BF9C0870}.Release|Any CPU.ActiveCfg = Release|Any CPU
		{6B234A73-3F83-4F2E-85FF-D917BF9C0870}.Release|Any CPU.Build.0 = Release|Any CPU
		{2261EF0B-C6B5-4194-8C66-43353CE4E669}.Debug|Any CPU.ActiveCfg = Debug|Any CPU
		{2261EF0B-C6B5-4194-8C66-43353CE4E669}.Debug|Any CPU.Build.0 = Debug|Any CPU
		{2261EF0B-C6B5-4194-8C66-43353CE4E669}.Release|Any CPU.ActiveCfg = Release|Any CPU
		{2261EF0B-C6B5-4194-8C66-43353CE4E669}.Release|Any CPU.Build.0 = Release|Any CPU
		{81705829-C4B5-475A-8458-B558C1D2696F}.Debug|Any CPU.ActiveCfg = Debug|Any CPU
		{81705829-C4B5-475A-8458-B558C1D2696F}.Debug|Any CPU.Build.0 = Debug|Any CPU
		{81705829-C4B5-475A-8458-B558C1D2696F}.Release|Any CPU.ActiveCfg = Release|Any CPU
		{81705829-C4B5-475A-8458-B558C1D2696F}.Release|Any CPU.Build.0 = Release|Any CPU
		{D1FB106A-9F36-4D5B-A7F5-33C188341124}.Debug|Any CPU.ActiveCfg = Debug|Any CPU
		{D1FB106A-9F36-4D5B-A7F5-33C188341124}.Debug|Any CPU.Build.0 = Debug|Any CPU
		{D1FB106A-9F36-4D5B-A7F5-33C188341124}.Release|Any CPU.ActiveCfg = Release|Any CPU
		{D1FB106A-9F36-4D5B-A7F5-33C188341124}.Release|Any CPU.Build.0 = Release|Any CPU
		{C5400D5F-A2FD-444D-A680-8347A5BE79F2}.Debug|Any CPU.ActiveCfg = Debug|Any CPU
		{C5400D5F-A2FD-444D-A680-8347A5BE79F2}.Debug|Any CPU.Build.0 = Debug|Any CPU
		{C5400D5F-A2FD-444D-A680-8347A5BE79F2}.Release|Any CPU.ActiveCfg = Release|Any CPU
		{C5400D5F-A2FD-444D-A680-8347A5BE79F2}.Release|Any CPU.Build.0 = Release|Any CPU
		{6DA9EA89-55D1-4F4D-A533-95C16920E20D}.Debug|Any CPU.ActiveCfg = Debug|Any CPU
		{6DA9EA89-55D1-4F4D-A533-95C16920E20D}.Debug|Any CPU.Build.0 = Debug|Any CPU
		{6DA9EA89-55D1-4F4D-A533-95C16920E20D}.Release|Any CPU.ActiveCfg = Release|Any CPU
		{6DA9EA89-55D1-4F4D-A533-95C16920E20D}.Release|Any CPU.Build.0 = Release|Any CPU
		{CA07D0E7-9D8C-4B9E-A24B-2F8FE46828DD}.Debug|Any CPU.ActiveCfg = Debug|Any CPU
		{CA07D0E7-9D8C-4B9E-A24B-2F8FE46828DD}.Debug|Any CPU.Build.0 = Debug|Any CPU
		{CA07D0E7-9D8C-4B9E-A24B-2F8FE46828DD}.Release|Any CPU.ActiveCfg = Release|Any CPU
		{CA07D0E7-9D8C-4B9E-A24B-2F8FE46828DD}.Release|Any CPU.Build.0 = Release|Any CPU
		{CE269259-92BE-472D-B5D8-EE554DDFA803}.Debug|Any CPU.ActiveCfg = Debug|Any CPU
		{CE269259-92BE-472D-B5D8-EE554DDFA803}.Debug|Any CPU.Build.0 = Debug|Any CPU
		{CE269259-92BE-472D-B5D8-EE554DDFA803}.Release|Any CPU.ActiveCfg = Release|Any CPU
		{CE269259-92BE-472D-B5D8-EE554DDFA803}.Release|Any CPU.Build.0 = Release|Any CPU
		{6C07AB9E-8517-417B-8711-ED216BE5651D}.Debug|Any CPU.ActiveCfg = Debug|Any CPU
		{6C07AB9E-8517-417B-8711-ED216BE5651D}.Debug|Any CPU.Build.0 = Debug|Any CPU
		{6C07AB9E-8517-417B-8711-ED216BE5651D}.Release|Any CPU.ActiveCfg = Release|Any CPU
		{6C07AB9E-8517-417B-8711-ED216BE5651D}.Release|Any CPU.Build.0 = Release|Any CPU
		{47E2CD9F-FA28-4A7F-A7AE-E01330D73FDC}.Debug|Any CPU.ActiveCfg = Debug|Any CPU
		{47E2CD9F-FA28-4A7F-A7AE-E01330D73FDC}.Debug|Any CPU.Build.0 = Debug|Any CPU
		{47E2CD9F-FA28-4A7F-A7AE-E01330D73FDC}.Release|Any CPU.ActiveCfg = Release|Any CPU
		{47E2CD9F-FA28-4A7F-A7AE-E01330D73FDC}.Release|Any CPU.Build.0 = Release|Any CPU
		{F9699101-A87F-4B51-B259-98A70AB00976}.Debug|Any CPU.ActiveCfg = Debug|Any CPU
		{F9699101-A87F-4B51-B259-98A70AB00976}.Debug|Any CPU.Build.0 = Debug|Any CPU
		{F9699101-A87F-4B51-B259-98A70AB00976}.Release|Any CPU.ActiveCfg = Release|Any CPU
		{F9699101-A87F-4B51-B259-98A70AB00976}.Release|Any CPU.Build.0 = Release|Any CPU
		{02F17F8A-A1C6-4DF9-961F-845CC2C45839}.Debug|Any CPU.ActiveCfg = Debug|Any CPU
		{02F17F8A-A1C6-4DF9-961F-845CC2C45839}.Debug|Any CPU.Build.0 = Debug|Any CPU
		{02F17F8A-A1C6-4DF9-961F-845CC2C45839}.Release|Any CPU.ActiveCfg = Release|Any CPU
		{02F17F8A-A1C6-4DF9-961F-845CC2C45839}.Release|Any CPU.Build.0 = Release|Any CPU
		{B6222EA7-9110-407F-8BE8-9A7E58E57B86}.Debug|Any CPU.ActiveCfg = Debug|Any CPU
		{B6222EA7-9110-407F-8BE8-9A7E58E57B86}.Debug|Any CPU.Build.0 = Debug|Any CPU
		{B6222EA7-9110-407F-8BE8-9A7E58E57B86}.Release|Any CPU.ActiveCfg = Release|Any CPU
		{B6222EA7-9110-407F-8BE8-9A7E58E57B86}.Release|Any CPU.Build.0 = Release|Any CPU
		{6E1012DF-8FF1-40E4-B7C7-64C77750743F}.Debug|Any CPU.ActiveCfg = Debug|Any CPU
		{6E1012DF-8FF1-40E4-B7C7-64C77750743F}.Debug|Any CPU.Build.0 = Debug|Any CPU
		{6E1012DF-8FF1-40E4-B7C7-64C77750743F}.Release|Any CPU.ActiveCfg = Release|Any CPU
		{6E1012DF-8FF1-40E4-B7C7-64C77750743F}.Release|Any CPU.Build.0 = Release|Any CPU
	EndGlobalSection
	GlobalSection(SolutionProperties) = preSolution
		HideSolutionNode = FALSE
	EndGlobalSection
	GlobalSection(NestedProjects) = preSolution
		{FEEE8EE0-D521-453F-BF53-42B04CF6B50A} = {43A66449-11E8-49F1-9A35-540A1D141936}
		{6B234A73-3F83-4F2E-85FF-D917BF9C0870} = {FEEE8EE0-D521-453F-BF53-42B04CF6B50A}
		{2261EF0B-C6B5-4194-8C66-43353CE4E669} = {3CD3F1E8-670C-453E-AB65-3C95F14B7345}
		{81705829-C4B5-475A-8458-B558C1D2696F} = {0D152F02-DDDE-4D7B-A517-AE705901ECF8}
		{91AA268D-0A86-4E50-BCFA-EE4F6C419C6D} = {43A66449-11E8-49F1-9A35-540A1D141936}
		{D1FB106A-9F36-4D5B-A7F5-33C188341124} = {91AA268D-0A86-4E50-BCFA-EE4F6C419C6D}
		{233D1595-4B93-49CA-A2D7-BDB8C9445DE8} = {43A66449-11E8-49F1-9A35-540A1D141936}
		{1BA96477-94AE-4C2E-9268-0109DB226950} = {43A66449-11E8-49F1-9A35-540A1D141936}
		{C5400D5F-A2FD-444D-A680-8347A5BE79F2} = {1BA96477-94AE-4C2E-9268-0109DB226950}
		{6DA9EA89-55D1-4F4D-A533-95C16920E20D} = {233D1595-4B93-49CA-A2D7-BDB8C9445DE8}
		{E1CC8FCC-7C02-4E71-A86C-38BA005A4CAF} = {43A66449-11E8-49F1-9A35-540A1D141936}
		{CA07D0E7-9D8C-4B9E-A24B-2F8FE46828DD} = {E1CC8FCC-7C02-4E71-A86C-38BA005A4CAF}
		{CE269259-92BE-472D-B5D8-EE554DDFA803} = {E1CC8FCC-7C02-4E71-A86C-38BA005A4CAF}
		{6C07AB9E-8517-417B-8711-ED216BE5651D} = {E1CC8FCC-7C02-4E71-A86C-38BA005A4CAF}
		{47E2CD9F-FA28-4A7F-A7AE-E01330D73FDC} = {E1CC8FCC-7C02-4E71-A86C-38BA005A4CAF}
		{F9699101-A87F-4B51-B259-98A70AB00976} = {E1CC8FCC-7C02-4E71-A86C-38BA005A4CAF}
		{D04E7EFA-3C43-42A2-98F1-035CD8BEE685} = {43A66449-11E8-49F1-9A35-540A1D141936}
		{02F17F8A-A1C6-4DF9-961F-845CC2C45839} = {D04E7EFA-3C43-42A2-98F1-035CD8BEE685}
		{B6222EA7-9110-407F-8BE8-9A7E58E57B86} = {AEB85377-5137-419F-B0FC-9BE676A3993B}
		{6E1012DF-8FF1-40E4-B7C7-64C77750743F} = {A0611811-F0A4-41F7-84EA-181C084955AA}
	EndGlobalSection
	GlobalSection(ExtensibilityGlobals) = postSolution
		SolutionGuid = {47027EA4-2884-4A4F-A05D-48282D3CE71D}
	EndGlobalSection
EndGlobal
